// !$*UTF8*$!
{
	archiveVersion = 1;
	classes = {
	};
	objectVersion = 51;
	objects = {

/* Begin PBXBuildFile section */
		1119B9F41B4F046E00046ABF /* AppDelegate.swift in Sources */ = {isa = PBXBuildFile; fileRef = 1119B9F31B4F046E00046ABF /* AppDelegate.swift */; };
		1119B9F61B4F046E00046ABF /* MasterViewController.swift in Sources */ = {isa = PBXBuildFile; fileRef = 1119B9F51B4F046E00046ABF /* MasterViewController.swift */; };
		1119B9F81B4F046E00046ABF /* DetailViewController.swift in Sources */ = {isa = PBXBuildFile; fileRef = 1119B9F71B4F046E00046ABF /* DetailViewController.swift */; };
		1119B9FB1B4F046E00046ABF /* Main.storyboard in Resources */ = {isa = PBXBuildFile; fileRef = 1119B9F91B4F046E00046ABF /* Main.storyboard */; };
		1119B9FD1B4F046E00046ABF /* Images.xcassets in Resources */ = {isa = PBXBuildFile; fileRef = 1119B9FC1B4F046E00046ABF /* Images.xcassets */; };
		1119BA001B4F046E00046ABF /* LaunchScreen.xib in Resources */ = {isa = PBXBuildFile; fileRef = 1119B9FE1B4F046E00046ABF /* LaunchScreen.xib */; };
		1119BA0C1B4F046E00046ABF /* nsappleTests.swift in Sources */ = {isa = PBXBuildFile; fileRef = 1119BA0B1B4F046E00046ABF /* nsappleTests.swift */; };
		1119BA1F1B4F04FC00046ABF /* InterfaceController.swift in Sources */ = {isa = PBXBuildFile; fileRef = 1119BA1E1B4F04FC00046ABF /* InterfaceController.swift */; };
		1119BA251B4F04FC00046ABF /* Images.xcassets in Resources */ = {isa = PBXBuildFile; fileRef = 1119BA241B4F04FC00046ABF /* Images.xcassets */; };
		1119BA331B4F04FC00046ABF /* Images.xcassets in Resources */ = {isa = PBXBuildFile; fileRef = 1119BA321B4F04FC00046ABF /* Images.xcassets */; };
		1119BA3F1B4F05A000046ABF /* Interface.storyboard in Resources */ = {isa = PBXBuildFile; fileRef = 1119BA3E1B4F05A000046ABF /* Interface.storyboard */; };
		1132525E2296F379001E299C /* Models.swift in Sources */ = {isa = PBXBuildFile; fileRef = 1132525D2296F379001E299C /* Models.swift */; };
		114199AE200ADAB1007AD506 /* Settings-Watch.bundle in Resources */ = {isa = PBXBuildFile; fileRef = 114199AD200ADAB1007AD506 /* Settings-Watch.bundle */; };
		114199AF200ADAB1007AD506 /* Settings-Watch.bundle in Resources */ = {isa = PBXBuildFile; fileRef = 114199AD200ADAB1007AD506 /* Settings-Watch.bundle */; };
		114199B0200ADAB1007AD506 /* Settings-Watch.bundle in Resources */ = {isa = PBXBuildFile; fileRef = 114199AD200ADAB1007AD506 /* Settings-Watch.bundle */; };
		114199B1200ADAB1007AD506 /* Settings-Watch.bundle in Resources */ = {isa = PBXBuildFile; fileRef = 114199AD200ADAB1007AD506 /* Settings-Watch.bundle */; };
		11832FFE1B5F4794005E3536 /* ViewController.swift in Sources */ = {isa = PBXBuildFile; fileRef = 11832FFD1B5F4794005E3536 /* ViewController.swift */; };
		1189EA9A1E7987C400B11975 /* nsapple WatchKit Extension.appex in Embed App Extensions */ = {isa = PBXBuildFile; fileRef = 1119BA191B4F04FC00046ABF /* nsapple WatchKit Extension.appex */; settings = {ATTRIBUTES = (RemoveHeadersOnCopy, ); }; };
		1189EA9D1E7987C400B11975 /* nsapple WatchKit App.app in Embed Watch Content */ = {isa = PBXBuildFile; fileRef = 1119BA281B4F04FC00046ABF /* nsapple WatchKit App.app */; };
		118B5CC122980F5100E5A8CE /* ExtensionDelegate.swift in Sources */ = {isa = PBXBuildFile; fileRef = 118B5CC022980F5100E5A8CE /* ExtensionDelegate.swift */; };
/* End PBXBuildFile section */

/* Begin PBXContainerItemProxy section */
		1119BA061B4F046E00046ABF /* PBXContainerItemProxy */ = {
			isa = PBXContainerItemProxy;
			containerPortal = 1119B9E61B4F046E00046ABF /* Project object */;
			proxyType = 1;
			remoteGlobalIDString = 1119B9ED1B4F046E00046ABF;
			remoteInfo = nsapple;
		};
		1189EA981E7987C400B11975 /* PBXContainerItemProxy */ = {
			isa = PBXContainerItemProxy;
			containerPortal = 1119B9E61B4F046E00046ABF /* Project object */;
			proxyType = 1;
			remoteGlobalIDString = 1119BA181B4F04FC00046ABF;
			remoteInfo = "nsapple WatchKit Extension";
		};
		1189EA9B1E7987C400B11975 /* PBXContainerItemProxy */ = {
			isa = PBXContainerItemProxy;
			containerPortal = 1119B9E61B4F046E00046ABF /* Project object */;
			proxyType = 1;
			remoteGlobalIDString = 1119BA271B4F04FC00046ABF;
			remoteInfo = "nsapple WatchKit App";
		};
/* End PBXContainerItemProxy section */

/* Begin PBXCopyFilesBuildPhase section */
		1189EA9E1E7987C400B11975 /* Embed App Extensions */ = {
			isa = PBXCopyFilesBuildPhase;
			buildActionMask = 2147483647;
			dstPath = "";
			dstSubfolderSpec = 13;
			files = (
				1189EA9A1E7987C400B11975 /* nsapple WatchKit Extension.appex in Embed App Extensions */,
			);
			name = "Embed App Extensions";
			runOnlyForDeploymentPostprocessing = 0;
		};
		1189EA9F1E7987C400B11975 /* Embed Watch Content */ = {
			isa = PBXCopyFilesBuildPhase;
			buildActionMask = 2147483647;
			dstPath = "$(CONTENTS_FOLDER_PATH)/Watch";
			dstSubfolderSpec = 16;
			files = (
				1189EA9D1E7987C400B11975 /* nsapple WatchKit App.app in Embed Watch Content */,
			);
			name = "Embed Watch Content";
			runOnlyForDeploymentPostprocessing = 0;
		};
/* End PBXCopyFilesBuildPhase section */

/* Begin PBXFileReference section */
		1119B9EE1B4F046E00046ABF /* nsapple.app */ = {isa = PBXFileReference; explicitFileType = wrapper.application; includeInIndex = 0; path = nsapple.app; sourceTree = BUILT_PRODUCTS_DIR; };
		1119B9F21B4F046E00046ABF /* Info.plist */ = {isa = PBXFileReference; lastKnownFileType = text.plist.xml; path = Info.plist; sourceTree = "<group>"; };
		1119B9F31B4F046E00046ABF /* AppDelegate.swift */ = {isa = PBXFileReference; lastKnownFileType = sourcecode.swift; path = AppDelegate.swift; sourceTree = "<group>"; };
		1119B9F51B4F046E00046ABF /* MasterViewController.swift */ = {isa = PBXFileReference; lastKnownFileType = sourcecode.swift; path = MasterViewController.swift; sourceTree = "<group>"; };
		1119B9F71B4F046E00046ABF /* DetailViewController.swift */ = {isa = PBXFileReference; lastKnownFileType = sourcecode.swift; path = DetailViewController.swift; sourceTree = "<group>"; };
		1119B9FA1B4F046E00046ABF /* Base */ = {isa = PBXFileReference; lastKnownFileType = file.storyboard; name = Base; path = Base.lproj/Main.storyboard; sourceTree = "<group>"; };
		1119B9FC1B4F046E00046ABF /* Images.xcassets */ = {isa = PBXFileReference; lastKnownFileType = folder.assetcatalog; path = Images.xcassets; sourceTree = "<group>"; };
		1119B9FF1B4F046E00046ABF /* Base */ = {isa = PBXFileReference; lastKnownFileType = file.xib; name = Base; path = Base.lproj/LaunchScreen.xib; sourceTree = "<group>"; };
		1119BA051B4F046E00046ABF /* nsappleTests.xctest */ = {isa = PBXFileReference; explicitFileType = wrapper.cfbundle; includeInIndex = 0; path = nsappleTests.xctest; sourceTree = BUILT_PRODUCTS_DIR; };
		1119BA0A1B4F046E00046ABF /* Info.plist */ = {isa = PBXFileReference; lastKnownFileType = text.plist.xml; path = Info.plist; sourceTree = "<group>"; };
		1119BA0B1B4F046E00046ABF /* nsappleTests.swift */ = {isa = PBXFileReference; lastKnownFileType = sourcecode.swift; path = nsappleTests.swift; sourceTree = "<group>"; };
		1119BA191B4F04FC00046ABF /* nsapple WatchKit Extension.appex */ = {isa = PBXFileReference; explicitFileType = "wrapper.app-extension"; includeInIndex = 0; path = "nsapple WatchKit Extension.appex"; sourceTree = BUILT_PRODUCTS_DIR; };
		1119BA1C1B4F04FC00046ABF /* Info.plist */ = {isa = PBXFileReference; lastKnownFileType = text.plist.xml; path = Info.plist; sourceTree = "<group>"; };
		1119BA1D1B4F04FC00046ABF /* PushNotificationPayload.apns */ = {isa = PBXFileReference; lastKnownFileType = text; path = PushNotificationPayload.apns; sourceTree = "<group>"; };
		1119BA1E1B4F04FC00046ABF /* InterfaceController.swift */ = {isa = PBXFileReference; lastKnownFileType = sourcecode.swift; path = InterfaceController.swift; sourceTree = "<group>"; };
		1119BA241B4F04FC00046ABF /* Images.xcassets */ = {isa = PBXFileReference; lastKnownFileType = folder.assetcatalog; path = Images.xcassets; sourceTree = "<group>"; };
		1119BA281B4F04FC00046ABF /* nsapple WatchKit App.app */ = {isa = PBXFileReference; explicitFileType = wrapper.application; includeInIndex = 0; path = "nsapple WatchKit App.app"; sourceTree = BUILT_PRODUCTS_DIR; };
		1119BA2E1B4F04FC00046ABF /* Info.plist */ = {isa = PBXFileReference; lastKnownFileType = text.plist.xml; path = Info.plist; sourceTree = "<group>"; };
		1119BA321B4F04FC00046ABF /* Images.xcassets */ = {isa = PBXFileReference; lastKnownFileType = folder.assetcatalog; path = Images.xcassets; sourceTree = "<group>"; };
		1119BA3E1B4F05A000046ABF /* Interface.storyboard */ = {isa = PBXFileReference; fileEncoding = 4; lastKnownFileType = file.storyboard; path = Interface.storyboard; sourceTree = "<group>"; };
		1132525D2296F379001E299C /* Models.swift */ = {isa = PBXFileReference; lastKnownFileType = sourcecode.swift; path = Models.swift; sourceTree = "<group>"; };
		114199A62009CA61007AD506 /* nsapple WatchKit App.entitlements */ = {isa = PBXFileReference; lastKnownFileType = text.plist.entitlements; path = "nsapple WatchKit App.entitlements"; sourceTree = "<group>"; };
		114199AD200ADAB1007AD506 /* Settings-Watch.bundle */ = {isa = PBXFileReference; lastKnownFileType = "wrapper.plug-in"; path = "Settings-Watch.bundle"; sourceTree = "<group>"; };
		11832FFD1B5F4794005E3536 /* ViewController.swift */ = {isa = PBXFileReference; fileEncoding = 4; lastKnownFileType = sourcecode.swift; path = ViewController.swift; sourceTree = "<group>"; };
		118B5CC022980F5100E5A8CE /* ExtensionDelegate.swift */ = {isa = PBXFileReference; lastKnownFileType = sourcecode.swift; path = ExtensionDelegate.swift; sourceTree = "<group>"; };
		118FA3E920805EB000757121 /* Config.xcconfig */ = {isa = PBXFileReference; lastKnownFileType = text.xcconfig; path = Config.xcconfig; sourceTree = "<group>"; };
		11C9660A1B5FD701007C5B1E /* nsapple WatchKit Extension.entitlements */ = {isa = PBXFileReference; lastKnownFileType = text.xml; path = "nsapple WatchKit Extension.entitlements"; sourceTree = "<group>"; };
		11C9660B1B5FDA87007C5B1E /* nsapple.entitlements */ = {isa = PBXFileReference; lastKnownFileType = text.xml; path = nsapple.entitlements; sourceTree = "<group>"; };
/* End PBXFileReference section */

/* Begin PBXFrameworksBuildPhase section */
		1119B9EB1B4F046E00046ABF /* Frameworks */ = {
			isa = PBXFrameworksBuildPhase;
			buildActionMask = 2147483647;
			files = (
			);
			runOnlyForDeploymentPostprocessing = 0;
		};
		1119BA021B4F046E00046ABF /* Frameworks */ = {
			isa = PBXFrameworksBuildPhase;
			buildActionMask = 2147483647;
			files = (
			);
			runOnlyForDeploymentPostprocessing = 0;
		};
		1119BA161B4F04FC00046ABF /* Frameworks */ = {
			isa = PBXFrameworksBuildPhase;
			buildActionMask = 2147483647;
			files = (
			);
			runOnlyForDeploymentPostprocessing = 0;
		};
/* End PBXFrameworksBuildPhase section */

/* Begin PBXGroup section */
		1119B9E51B4F046E00046ABF = {
			isa = PBXGroup;
			children = (
				118FA3E920805EB000757121 /* Config.xcconfig */,
				1119B9F01B4F046E00046ABF /* nsapple */,
				1119BA081B4F046E00046ABF /* nsappleTests */,
				1119BA1A1B4F04FC00046ABF /* nsapple WatchKit Extension */,
				1119BA2C1B4F04FC00046ABF /* nsapple WatchKit App */,
				1119B9EF1B4F046E00046ABF /* Products */,
				116509C8228F4FD900A0E996 /* Frameworks */,
			);
			sourceTree = "<group>";
		};
		1119B9EF1B4F046E00046ABF /* Products */ = {
			isa = PBXGroup;
			children = (
				1119B9EE1B4F046E00046ABF /* nsapple.app */,
				1119BA051B4F046E00046ABF /* nsappleTests.xctest */,
				1119BA191B4F04FC00046ABF /* nsapple WatchKit Extension.appex */,
				1119BA281B4F04FC00046ABF /* nsapple WatchKit App.app */,
			);
			name = Products;
			sourceTree = "<group>";
		};
		1119B9F01B4F046E00046ABF /* nsapple */ = {
			isa = PBXGroup;
			children = (
				11C9660B1B5FDA87007C5B1E /* nsapple.entitlements */,
				1119B9F31B4F046E00046ABF /* AppDelegate.swift */,
				1119B9F51B4F046E00046ABF /* MasterViewController.swift */,
				1119B9F71B4F046E00046ABF /* DetailViewController.swift */,
				1119B9F91B4F046E00046ABF /* Main.storyboard */,
				11832FFD1B5F4794005E3536 /* ViewController.swift */,
				1119B9FC1B4F046E00046ABF /* Images.xcassets */,
				1119B9FE1B4F046E00046ABF /* LaunchScreen.xib */,
				1119B9F11B4F046E00046ABF /* Supporting Files */,
				114199AD200ADAB1007AD506 /* Settings-Watch.bundle */,
			);
			path = nsapple;
			sourceTree = "<group>";
		};
		1119B9F11B4F046E00046ABF /* Supporting Files */ = {
			isa = PBXGroup;
			children = (
				1119B9F21B4F046E00046ABF /* Info.plist */,
			);
			name = "Supporting Files";
			sourceTree = "<group>";
		};
		1119BA081B4F046E00046ABF /* nsappleTests */ = {
			isa = PBXGroup;
			children = (
				1119BA0B1B4F046E00046ABF /* nsappleTests.swift */,
				1119BA091B4F046E00046ABF /* Supporting Files */,
			);
			path = nsappleTests;
			sourceTree = "<group>";
		};
		1119BA091B4F046E00046ABF /* Supporting Files */ = {
			isa = PBXGroup;
			children = (
				1119BA0A1B4F046E00046ABF /* Info.plist */,
			);
			name = "Supporting Files";
			sourceTree = "<group>";
		};
		1119BA1A1B4F04FC00046ABF /* nsapple WatchKit Extension */ = {
			isa = PBXGroup;
			children = (
				11C9660A1B5FD701007C5B1E /* nsapple WatchKit Extension.entitlements */,
				1132525D2296F379001E299C /* Models.swift */,
				1119BA1E1B4F04FC00046ABF /* InterfaceController.swift */,
				1119BA241B4F04FC00046ABF /* Images.xcassets */,
				1119BA1B1B4F04FC00046ABF /* Supporting Files */,
				118B5CC022980F5100E5A8CE /* ExtensionDelegate.swift */,
			);
			path = "nsapple WatchKit Extension";
			sourceTree = "<group>";
		};
		1119BA1B1B4F04FC00046ABF /* Supporting Files */ = {
			isa = PBXGroup;
			children = (
				1119BA1C1B4F04FC00046ABF /* Info.plist */,
				1119BA1D1B4F04FC00046ABF /* PushNotificationPayload.apns */,
			);
			name = "Supporting Files";
			sourceTree = "<group>";
		};
		1119BA2C1B4F04FC00046ABF /* nsapple WatchKit App */ = {
			isa = PBXGroup;
			children = (
				114199A62009CA61007AD506 /* nsapple WatchKit App.entitlements */,
				1119BA3E1B4F05A000046ABF /* Interface.storyboard */,
				1119BA321B4F04FC00046ABF /* Images.xcassets */,
				1119BA2D1B4F04FC00046ABF /* Supporting Files */,
			);
			path = "nsapple WatchKit App";
			sourceTree = "<group>";
		};
		1119BA2D1B4F04FC00046ABF /* Supporting Files */ = {
			isa = PBXGroup;
			children = (
				1119BA2E1B4F04FC00046ABF /* Info.plist */,
			);
			name = "Supporting Files";
			sourceTree = "<group>";
		};
		116509C8228F4FD900A0E996 /* Frameworks */ = {
			isa = PBXGroup;
			children = (
			);
			name = Frameworks;
			sourceTree = "<group>";
		};
/* End PBXGroup section */

/* Begin PBXNativeTarget section */
		1119B9ED1B4F046E00046ABF /* nsapple */ = {
			isa = PBXNativeTarget;
			buildConfigurationList = 1119BA0F1B4F046E00046ABF /* Build configuration list for PBXNativeTarget "nsapple" */;
			buildPhases = (
				1119B9EA1B4F046E00046ABF /* Sources */,
				1119B9EB1B4F046E00046ABF /* Frameworks */,
				1119B9EC1B4F046E00046ABF /* Resources */,
				1189EA9F1E7987C400B11975 /* Embed Watch Content */,
			);
			buildRules = (
			);
			dependencies = (
				1189EA9C1E7987C400B11975 /* PBXTargetDependency */,
			);
			name = nsapple;
			productName = nsapple;
			productReference = 1119B9EE1B4F046E00046ABF /* nsapple.app */;
			productType = "com.apple.product-type.application";
		};
		1119BA041B4F046E00046ABF /* nsappleTests */ = {
			isa = PBXNativeTarget;
			buildConfigurationList = 1119BA121B4F046E00046ABF /* Build configuration list for PBXNativeTarget "nsappleTests" */;
			buildPhases = (
				1119BA011B4F046E00046ABF /* Sources */,
				1119BA021B4F046E00046ABF /* Frameworks */,
				1119BA031B4F046E00046ABF /* Resources */,
			);
			buildRules = (
			);
			dependencies = (
				1119BA071B4F046E00046ABF /* PBXTargetDependency */,
			);
			name = nsappleTests;
			productName = nsappleTests;
			productReference = 1119BA051B4F046E00046ABF /* nsappleTests.xctest */;
			productType = "com.apple.product-type.bundle.unit-test";
		};
		1119BA181B4F04FC00046ABF /* nsapple WatchKit Extension */ = {
			isa = PBXNativeTarget;
			buildConfigurationList = 1119BA3A1B4F04FC00046ABF /* Build configuration list for PBXNativeTarget "nsapple WatchKit Extension" */;
			buildPhases = (
				1119BA151B4F04FC00046ABF /* Sources */,
				1119BA161B4F04FC00046ABF /* Frameworks */,
				1119BA171B4F04FC00046ABF /* Resources */,
				116509CB228F507500A0E996 /* ShellScript */,
			);
			buildRules = (
			);
			dependencies = (
			);
			name = "nsapple WatchKit Extension";
			productName = "nsapple WatchKit Extension";
			productReference = 1119BA191B4F04FC00046ABF /* nsapple WatchKit Extension.appex */;
			productType = "com.apple.product-type.watchkit2-extension";
		};
		1119BA271B4F04FC00046ABF /* nsapple WatchKit App */ = {
			isa = PBXNativeTarget;
			buildConfigurationList = 1119BA371B4F04FC00046ABF /* Build configuration list for PBXNativeTarget "nsapple WatchKit App" */;
			buildPhases = (
				1119BA261B4F04FC00046ABF /* Resources */,
				1189EA9E1E7987C400B11975 /* Embed App Extensions */,
			);
			buildRules = (
			);
			dependencies = (
				1189EA991E7987C400B11975 /* PBXTargetDependency */,
			);
			name = "nsapple WatchKit App";
			productName = "nsapple WatchKit App";
			productReference = 1119BA281B4F04FC00046ABF /* nsapple WatchKit App.app */;
			productType = "com.apple.product-type.application.watchapp2";
		};
/* End PBXNativeTarget section */

/* Begin PBXProject section */
		1119B9E61B4F046E00046ABF /* Project object */ = {
			isa = PBXProject;
			attributes = {
				LastSwiftUpdateCheck = 0700;
				LastUpgradeCheck = 1020;
				ORGANIZATIONNAME = Perceptus.org;
				TargetAttributes = {
					1119B9ED1B4F046E00046ABF = {
						CreatedOnToolsVersion = 6.3.2;
						DevelopmentTeam = 6Q7ZC8Q56M;
						LastSwiftMigration = 0830;
						ProvisioningStyle = Automatic;
						SystemCapabilities = {
							com.apple.ApplicationGroups.iOS = {
								enabled = 1;
							};
						};
					};
					1119BA041B4F046E00046ABF = {
						CreatedOnToolsVersion = 6.3.2;
						LastSwiftMigration = 0830;
						TestTargetID = 1119B9ED1B4F046E00046ABF;
					};
					1119BA181B4F04FC00046ABF = {
						CreatedOnToolsVersion = 6.3.2;
						DevelopmentTeam = 6Q7ZC8Q56M;
						LastSwiftMigration = 0830;
						SystemCapabilities = {
							com.apple.ApplicationGroups.iOS = {
								enabled = 1;
							};
						};
					};
					1119BA271B4F04FC00046ABF = {
						CreatedOnToolsVersion = 6.3.2;
						DevelopmentTeam = 6Q7ZC8Q56M;
						LastSwiftMigration = 0830;
						SystemCapabilities = {
							com.apple.ApplicationGroups.iOS = {
								enabled = 1;
							};
						};
					};
				};
			};
			buildConfigurationList = 1119B9E91B4F046E00046ABF /* Build configuration list for PBXProject "nsapple" */;
			compatibilityVersion = "Xcode 10.0";
			developmentRegion = English;
			hasScannedForEncodings = 0;
			knownRegions = (
				English,
				en,
				Base,
			);
			mainGroup = 1119B9E51B4F046E00046ABF;
			productRefGroup = 1119B9EF1B4F046E00046ABF /* Products */;
			projectDirPath = "";
			projectRoot = "";
			targets = (
				1119B9ED1B4F046E00046ABF /* nsapple */,
				1119BA041B4F046E00046ABF /* nsappleTests */,
				1119BA181B4F04FC00046ABF /* nsapple WatchKit Extension */,
				1119BA271B4F04FC00046ABF /* nsapple WatchKit App */,
			);
		};
/* End PBXProject section */

/* Begin PBXResourcesBuildPhase section */
		1119B9EC1B4F046E00046ABF /* Resources */ = {
			isa = PBXResourcesBuildPhase;
			buildActionMask = 2147483647;
			files = (
				1119B9FB1B4F046E00046ABF /* Main.storyboard in Resources */,
				1119BA001B4F046E00046ABF /* LaunchScreen.xib in Resources */,
				114199AE200ADAB1007AD506 /* Settings-Watch.bundle in Resources */,
				1119B9FD1B4F046E00046ABF /* Images.xcassets in Resources */,
			);
			runOnlyForDeploymentPostprocessing = 0;
		};
		1119BA031B4F046E00046ABF /* Resources */ = {
			isa = PBXResourcesBuildPhase;
			buildActionMask = 2147483647;
			files = (
				114199AF200ADAB1007AD506 /* Settings-Watch.bundle in Resources */,
			);
			runOnlyForDeploymentPostprocessing = 0;
		};
		1119BA171B4F04FC00046ABF /* Resources */ = {
			isa = PBXResourcesBuildPhase;
			buildActionMask = 2147483647;
			files = (
				114199B0200ADAB1007AD506 /* Settings-Watch.bundle in Resources */,
				1119BA251B4F04FC00046ABF /* Images.xcassets in Resources */,
			);
			runOnlyForDeploymentPostprocessing = 0;
		};
		1119BA261B4F04FC00046ABF /* Resources */ = {
			isa = PBXResourcesBuildPhase;
			buildActionMask = 2147483647;
			files = (
				1119BA3F1B4F05A000046ABF /* Interface.storyboard in Resources */,
				1119BA331B4F04FC00046ABF /* Images.xcassets in Resources */,
				114199B1200ADAB1007AD506 /* Settings-Watch.bundle in Resources */,
			);
			runOnlyForDeploymentPostprocessing = 0;
		};
/* End PBXResourcesBuildPhase section */

/* Begin PBXShellScriptBuildPhase section */
		116509CB228F507500A0E996 /* ShellScript */ = {
			isa = PBXShellScriptBuildPhase;
			buildActionMask = 2147483647;
			files = (
			);
			inputFileListPaths = (
			);
			inputPaths = (
			);
			outputFileListPaths = (
			);
			outputPaths = (
			);
			runOnlyForDeploymentPostprocessing = 0;
			shellPath = /bin/sh;
			shellScript = "\n Type a script or drag a script file from your workspace to insert its path.\n";
		};
/* End PBXShellScriptBuildPhase section */

/* Begin PBXSourcesBuildPhase section */
		1119B9EA1B4F046E00046ABF /* Sources */ = {
			isa = PBXSourcesBuildPhase;
			buildActionMask = 2147483647;
			files = (
				1119B9F81B4F046E00046ABF /* DetailViewController.swift in Sources */,
				11832FFE1B5F4794005E3536 /* ViewController.swift in Sources */,
				1119B9F61B4F046E00046ABF /* MasterViewController.swift in Sources */,
				1119B9F41B4F046E00046ABF /* AppDelegate.swift in Sources */,
			);
			runOnlyForDeploymentPostprocessing = 0;
		};
		1119BA011B4F046E00046ABF /* Sources */ = {
			isa = PBXSourcesBuildPhase;
			buildActionMask = 2147483647;
			files = (
				1119BA0C1B4F046E00046ABF /* nsappleTests.swift in Sources */,
			);
			runOnlyForDeploymentPostprocessing = 0;
		};
		1119BA151B4F04FC00046ABF /* Sources */ = {
			isa = PBXSourcesBuildPhase;
			buildActionMask = 2147483647;
			files = (
				1119BA1F1B4F04FC00046ABF /* InterfaceController.swift in Sources */,
				1132525E2296F379001E299C /* Models.swift in Sources */,
				118B5CC122980F5100E5A8CE /* ExtensionDelegate.swift in Sources */,
			);
			runOnlyForDeploymentPostprocessing = 0;
		};
/* End PBXSourcesBuildPhase section */

/* Begin PBXTargetDependency section */
		1119BA071B4F046E00046ABF /* PBXTargetDependency */ = {
			isa = PBXTargetDependency;
			target = 1119B9ED1B4F046E00046ABF /* nsapple */;
			targetProxy = 1119BA061B4F046E00046ABF /* PBXContainerItemProxy */;
		};
		1189EA991E7987C400B11975 /* PBXTargetDependency */ = {
			isa = PBXTargetDependency;
			target = 1119BA181B4F04FC00046ABF /* nsapple WatchKit Extension */;
			targetProxy = 1189EA981E7987C400B11975 /* PBXContainerItemProxy */;
		};
		1189EA9C1E7987C400B11975 /* PBXTargetDependency */ = {
			isa = PBXTargetDependency;
			target = 1119BA271B4F04FC00046ABF /* nsapple WatchKit App */;
			targetProxy = 1189EA9B1E7987C400B11975 /* PBXContainerItemProxy */;
		};
/* End PBXTargetDependency section */

/* Begin PBXVariantGroup section */
		1119B9F91B4F046E00046ABF /* Main.storyboard */ = {
			isa = PBXVariantGroup;
			children = (
				1119B9FA1B4F046E00046ABF /* Base */,
			);
			name = Main.storyboard;
			sourceTree = "<group>";
		};
		1119B9FE1B4F046E00046ABF /* LaunchScreen.xib */ = {
			isa = PBXVariantGroup;
			children = (
				1119B9FF1B4F046E00046ABF /* Base */,
			);
			name = LaunchScreen.xib;
			sourceTree = "<group>";
		};
/* End PBXVariantGroup section */

/* Begin XCBuildConfiguration section */
		1119BA0D1B4F046E00046ABF /* Debug */ = {
			isa = XCBuildConfiguration;
			baseConfigurationReference = 118FA3E920805EB000757121 /* Config.xcconfig */;
			buildSettings = {
				ALWAYS_SEARCH_USER_PATHS = NO;
				CLANG_ANALYZER_LOCALIZABILITY_NONLOCALIZED = YES;
				CLANG_CXX_LANGUAGE_STANDARD = "gnu++0x";
				CLANG_CXX_LIBRARY = "libc++";
				CLANG_ENABLE_MODULES = YES;
				CLANG_ENABLE_OBJC_ARC = YES;
				CLANG_WARN_BLOCK_CAPTURE_AUTORELEASING = YES;
				CLANG_WARN_BOOL_CONVERSION = YES;
				CLANG_WARN_COMMA = YES;
				CLANG_WARN_CONSTANT_CONVERSION = YES;
				CLANG_WARN_DEPRECATED_OBJC_IMPLEMENTATIONS = YES;
				CLANG_WARN_DIRECT_OBJC_ISA_USAGE = YES_ERROR;
				CLANG_WARN_EMPTY_BODY = YES;
				CLANG_WARN_ENUM_CONVERSION = YES;
				CLANG_WARN_INFINITE_RECURSION = YES;
				CLANG_WARN_INT_CONVERSION = YES;
				CLANG_WARN_NON_LITERAL_NULL_CONVERSION = YES;
				CLANG_WARN_OBJC_IMPLICIT_RETAIN_SELF = YES;
				CLANG_WARN_OBJC_LITERAL_CONVERSION = YES;
				CLANG_WARN_OBJC_ROOT_CLASS = YES_ERROR;
				CLANG_WARN_RANGE_LOOP_ANALYSIS = YES;
				CLANG_WARN_STRICT_PROTOTYPES = YES;
				CLANG_WARN_SUSPICIOUS_MOVE = YES;
				CLANG_WARN_UNREACHABLE_CODE = YES;
				CLANG_WARN__DUPLICATE_METHOD_MATCH = YES;
				CODE_SIGN_IDENTITY = "iPhone Developer";
				"CODE_SIGN_IDENTITY[sdk=iphoneos*]" = "iPhone Developer";
				COPY_PHASE_STRIP = NO;
				DEBUG_INFORMATION_FORMAT = "dwarf-with-dsym";
				ENABLE_STRICT_OBJC_MSGSEND = YES;
				ENABLE_TESTABILITY = YES;
				GCC_C_LANGUAGE_STANDARD = gnu99;
				GCC_DYNAMIC_NO_PIC = NO;
				GCC_NO_COMMON_BLOCKS = YES;
				GCC_OPTIMIZATION_LEVEL = 0;
				GCC_PREPROCESSOR_DEFINITIONS = (
					"DEBUG=1",
					"$(inherited)",
				);
				GCC_SYMBOLS_PRIVATE_EXTERN = NO;
				GCC_WARN_64_TO_32_BIT_CONVERSION = YES;
				GCC_WARN_ABOUT_RETURN_TYPE = YES_ERROR;
				GCC_WARN_UNDECLARED_SELECTOR = YES;
				GCC_WARN_UNINITIALIZED_AUTOS = YES_AGGRESSIVE;
				GCC_WARN_UNUSED_FUNCTION = YES;
				GCC_WARN_UNUSED_VARIABLE = YES;
				IPHONEOS_DEPLOYMENT_TARGET = 11.1;
				MTL_ENABLE_DEBUG_INFO = YES;
				ONLY_ACTIVE_ARCH = YES;
				SDKROOT = iphoneos;
				SWIFT_OPTIMIZATION_LEVEL = "-Onone";
				SWIFT_VERSION = 4.0;
				TARGETED_DEVICE_FAMILY = "1,2";
			};
			name = Debug;
		};
		1119BA0E1B4F046E00046ABF /* Release */ = {
			isa = XCBuildConfiguration;
			baseConfigurationReference = 118FA3E920805EB000757121 /* Config.xcconfig */;
			buildSettings = {
				ALWAYS_SEARCH_USER_PATHS = NO;
				CLANG_ANALYZER_LOCALIZABILITY_NONLOCALIZED = YES;
				CLANG_CXX_LANGUAGE_STANDARD = "gnu++0x";
				CLANG_CXX_LIBRARY = "libc++";
				CLANG_ENABLE_MODULES = YES;
				CLANG_ENABLE_OBJC_ARC = YES;
				CLANG_WARN_BLOCK_CAPTURE_AUTORELEASING = YES;
				CLANG_WARN_BOOL_CONVERSION = YES;
				CLANG_WARN_COMMA = YES;
				CLANG_WARN_CONSTANT_CONVERSION = YES;
				CLANG_WARN_DEPRECATED_OBJC_IMPLEMENTATIONS = YES;
				CLANG_WARN_DIRECT_OBJC_ISA_USAGE = YES_ERROR;
				CLANG_WARN_EMPTY_BODY = YES;
				CLANG_WARN_ENUM_CONVERSION = YES;
				CLANG_WARN_INFINITE_RECURSION = YES;
				CLANG_WARN_INT_CONVERSION = YES;
				CLANG_WARN_NON_LITERAL_NULL_CONVERSION = YES;
				CLANG_WARN_OBJC_IMPLICIT_RETAIN_SELF = YES;
				CLANG_WARN_OBJC_LITERAL_CONVERSION = YES;
				CLANG_WARN_OBJC_ROOT_CLASS = YES_ERROR;
				CLANG_WARN_RANGE_LOOP_ANALYSIS = YES;
				CLANG_WARN_STRICT_PROTOTYPES = YES;
				CLANG_WARN_SUSPICIOUS_MOVE = YES;
				CLANG_WARN_UNREACHABLE_CODE = YES;
				CLANG_WARN__DUPLICATE_METHOD_MATCH = YES;
				CODE_SIGN_IDENTITY = "iPhone Developer";
				"CODE_SIGN_IDENTITY[sdk=iphoneos*]" = "iPhone Developer";
				COPY_PHASE_STRIP = NO;
				DEBUG_INFORMATION_FORMAT = "dwarf-with-dsym";
				ENABLE_NS_ASSERTIONS = NO;
				ENABLE_STRICT_OBJC_MSGSEND = YES;
				GCC_C_LANGUAGE_STANDARD = gnu99;
				GCC_NO_COMMON_BLOCKS = YES;
				GCC_WARN_64_TO_32_BIT_CONVERSION = YES;
				GCC_WARN_ABOUT_RETURN_TYPE = YES_ERROR;
				GCC_WARN_UNDECLARED_SELECTOR = YES;
				GCC_WARN_UNINITIALIZED_AUTOS = YES_AGGRESSIVE;
				GCC_WARN_UNUSED_FUNCTION = YES;
				GCC_WARN_UNUSED_VARIABLE = YES;
				IPHONEOS_DEPLOYMENT_TARGET = 11.1;
				MTL_ENABLE_DEBUG_INFO = NO;
				SDKROOT = iphoneos;
				SWIFT_COMPILATION_MODE = wholemodule;
				SWIFT_OPTIMIZATION_LEVEL = "-O";
				SWIFT_VERSION = 4.0;
				TARGETED_DEVICE_FAMILY = "1,2";
				VALIDATE_PRODUCT = YES;
			};
			name = Release;
		};
		1119BA101B4F046E00046ABF /* Debug */ = {
			isa = XCBuildConfiguration;
			buildSettings = {
				ASSETCATALOG_COMPILER_APPICON_NAME = AppIcon;
				CODE_SIGN_ENTITLEMENTS = nsapple/nsapple.entitlements;
				CODE_SIGN_IDENTITY = "Mac Developer";
				"CODE_SIGN_IDENTITY[sdk=iphoneos*]" = "iPhone Developer";
				DEVELOPMENT_TEAM = 6Q7ZC8Q56M;
				INFOPLIST_FILE = nsapple/Info.plist;
				IPHONEOS_DEPLOYMENT_TARGET = 11.4;
				LD_RUNPATH_SEARCH_PATHS = (
					"$(inherited)",
					"@executable_path/Frameworks",
				);
				PRODUCT_BUNDLE_IDENTIFIER = "$(unique_id).$(PRODUCT_NAME:rfc1034identifier)";
				PRODUCT_NAME = "$(TARGET_NAME)";
				PROVISIONING_PROFILE = "";
				PROVISIONING_PROFILE_SPECIFIER = "";
				SWIFT_VERSION = 4.0;
				TARGETED_DEVICE_FAMILY = "1,2";
			};
			name = Debug;
		};
		1119BA111B4F046E00046ABF /* Release */ = {
			isa = XCBuildConfiguration;
			buildSettings = {
				ASSETCATALOG_COMPILER_APPICON_NAME = AppIcon;
				CODE_SIGN_ENTITLEMENTS = nsapple/nsapple.entitlements;
				CODE_SIGN_IDENTITY = "Mac Developer";
				"CODE_SIGN_IDENTITY[sdk=iphoneos*]" = "iPhone Developer";
				DEVELOPMENT_TEAM = 6Q7ZC8Q56M;
				INFOPLIST_FILE = nsapple/Info.plist;
				IPHONEOS_DEPLOYMENT_TARGET = 11.4;
				LD_RUNPATH_SEARCH_PATHS = (
					"$(inherited)",
					"@executable_path/Frameworks",
				);
				PRODUCT_BUNDLE_IDENTIFIER = "$(unique_id).$(PRODUCT_NAME:rfc1034identifier)";
				PRODUCT_NAME = "$(TARGET_NAME)";
				PROVISIONING_PROFILE = "";
				PROVISIONING_PROFILE_SPECIFIER = "";
				SWIFT_VERSION = 4.0;
				TARGETED_DEVICE_FAMILY = "1,2";
			};
			name = Release;
		};
		1119BA131B4F046E00046ABF /* Debug */ = {
			isa = XCBuildConfiguration;
			buildSettings = {
				BUNDLE_LOADER = "$(TEST_HOST)";
				FRAMEWORK_SEARCH_PATHS = (
					"$(SDKROOT)/Developer/Library/Frameworks",
					"$(inherited)",
				);
				GCC_PREPROCESSOR_DEFINITIONS = (
					"DEBUG=1",
					"$(inherited)",
				);
				INFOPLIST_FILE = nsappleTests/Info.plist;
				LD_RUNPATH_SEARCH_PATHS = (
					"$(inherited)",
					"@executable_path/Frameworks",
					"@loader_path/Frameworks",
				);
				PRODUCT_BUNDLE_IDENTIFIER = "$(unique_id).$(PRODUCT_NAME:rfc1034identifier)";
				PRODUCT_NAME = "$(TARGET_NAME)";
				SWIFT_VERSION = 4.0;
				TEST_HOST = "$(BUILT_PRODUCTS_DIR)/nsapple.app/nsapple";
			};
			name = Debug;
		};
		1119BA141B4F046E00046ABF /* Release */ = {
			isa = XCBuildConfiguration;
			buildSettings = {
				BUNDLE_LOADER = "$(TEST_HOST)";
				FRAMEWORK_SEARCH_PATHS = (
					"$(SDKROOT)/Developer/Library/Frameworks",
					"$(inherited)",
				);
				INFOPLIST_FILE = nsappleTests/Info.plist;
				LD_RUNPATH_SEARCH_PATHS = (
					"$(inherited)",
					"@executable_path/Frameworks",
					"@loader_path/Frameworks",
				);
				PRODUCT_BUNDLE_IDENTIFIER = "$(unique_id).$(PRODUCT_NAME:rfc1034identifier)";
				PRODUCT_NAME = "$(TARGET_NAME)";
				SWIFT_VERSION = 4.0;
				TEST_HOST = "$(BUILT_PRODUCTS_DIR)/nsapple.app/nsapple";
			};
			name = Release;
		};
		1119BA381B4F04FC00046ABF /* Debug */ = {
			isa = XCBuildConfiguration;
			buildSettings = {
				ALWAYS_EMBED_SWIFT_STANDARD_LIBRARIES = YES;
				ASSETCATALOG_COMPILER_APPICON_NAME = AppIcon;
				CODE_SIGN_ENTITLEMENTS = "nsapple WatchKit App/nsapple WatchKit App.entitlements";
				DEVELOPMENT_TEAM = 6Q7ZC8Q56M;
				GCC_PREPROCESSOR_DEFINITIONS = (
					"DEBUG=1",
					"$(inherited)",
				);
				IBSC_MODULE = nsapple_WatchKit_Extension;
				INFOPLIST_FILE = "nsapple WatchKit App/Info.plist";
				PRODUCT_BUNDLE_IDENTIFIER = "$(unique_id).nsapple.watchkitapp";
				PRODUCT_NAME = "$(TARGET_NAME)";
				SDKROOT = watchos;
				SKIP_INSTALL = YES;
				SWIFT_VERSION = 3.0;
				TARGETED_DEVICE_FAMILY = 4;
				WATCHOS_DEPLOYMENT_TARGET = 4.1;
			};
			name = Debug;
		};
		1119BA391B4F04FC00046ABF /* Release */ = {
			isa = XCBuildConfiguration;
			buildSettings = {
				ALWAYS_EMBED_SWIFT_STANDARD_LIBRARIES = YES;
				ASSETCATALOG_COMPILER_APPICON_NAME = AppIcon;
				CODE_SIGN_ENTITLEMENTS = "nsapple WatchKit App/nsapple WatchKit App.entitlements";
				DEVELOPMENT_TEAM = 6Q7ZC8Q56M;
				IBSC_MODULE = nsapple_WatchKit_Extension;
				INFOPLIST_FILE = "nsapple WatchKit App/Info.plist";
				PRODUCT_BUNDLE_IDENTIFIER = "$(unique_id).nsapple.watchkitapp";
				PRODUCT_NAME = "$(TARGET_NAME)";
				SDKROOT = watchos;
				SKIP_INSTALL = YES;
				SWIFT_VERSION = 3.0;
				TARGETED_DEVICE_FAMILY = 4;
				WATCHOS_DEPLOYMENT_TARGET = 4.1;
			};
			name = Release;
		};
		1119BA3B1B4F04FC00046ABF /* Debug */ = {
			isa = XCBuildConfiguration;
			buildSettings = {
				CODE_SIGN_ENTITLEMENTS = "nsapple WatchKit Extension/nsapple WatchKit Extension.entitlements";
				CODE_SIGN_IDENTITY = "iPhone Developer";
				"CODE_SIGN_IDENTITY[sdk=iphoneos*]" = "iPhone Developer";
				DEVELOPMENT_TEAM = 6Q7ZC8Q56M;
				FRAMEWORK_SEARCH_PATHS = (
					"$(inherited)",
					"$(PROJECT_DIR)/Carthage/Build/watchOS",
				);
				GCC_PREPROCESSOR_DEFINITIONS = (
					"DEBUG=1",
					"$(inherited)",
				);
				INFOPLIST_FILE = "nsapple WatchKit Extension/Info.plist";
				LD_RUNPATH_SEARCH_PATHS = (
					"$(inherited)",
					"@executable_path/Frameworks",
					"@executable_path/../../Frameworks",
				);
				PRODUCT_BUNDLE_IDENTIFIER = "$(unique_id).nsapple.watchkitapp.watchkitextension";
				PRODUCT_NAME = "${TARGET_NAME}";
				PROVISIONING_PROFILE = "";
				SDKROOT = watchos;
				SKIP_INSTALL = YES;
				SWIFT_VERSION = 4.0;
				TARGETED_DEVICE_FAMILY = 4;
				WATCHOS_DEPLOYMENT_TARGET = 4.1;
			};
			name = Debug;
		};
		1119BA3C1B4F04FC00046ABF /* Release */ = {
			isa = XCBuildConfiguration;
			buildSettings = {
				CODE_SIGN_ENTITLEMENTS = "nsapple WatchKit Extension/nsapple WatchKit Extension.entitlements";
				CODE_SIGN_IDENTITY = "iPhone Developer";
				"CODE_SIGN_IDENTITY[sdk=iphoneos*]" = "iPhone Developer";
				DEVELOPMENT_TEAM = 6Q7ZC8Q56M;
				FRAMEWORK_SEARCH_PATHS = (
					"$(inherited)",
					"$(PROJECT_DIR)/Carthage/Build/watchOS",
				);
				INFOPLIST_FILE = "nsapple WatchKit Extension/Info.plist";
				LD_RUNPATH_SEARCH_PATHS = (
					"$(inherited)",
					"@executable_path/Frameworks",
					"@executable_path/../../Frameworks",
				);
				PRODUCT_BUNDLE_IDENTIFIER = "$(unique_id).nsapple.watchkitapp.watchkitextension";
				PRODUCT_NAME = "${TARGET_NAME}";
				PROVISIONING_PROFILE = "";
				SDKROOT = watchos;
				SKIP_INSTALL = YES;
				SWIFT_VERSION = 4.0;
				TARGETED_DEVICE_FAMILY = 4;
				WATCHOS_DEPLOYMENT_TARGET = 4.1;
			};
			name = Release;
		};
/* End XCBuildConfiguration section */

/* Begin XCConfigurationList section */
		1119B9E91B4F046E00046ABF /* Build configuration list for PBXProject "nsapple" */ = {
			isa = XCConfigurationList;
			buildConfigurations = (
				1119BA0D1B4F046E00046ABF /* Debug */,
				1119BA0E1B4F046E00046ABF /* Release */,
			);
			defaultConfigurationIsVisible = 0;
			defaultConfigurationName = Release;
		};
		1119BA0F1B4F046E00046ABF /* Build configuration list for PBXNativeTarget "nsapple" */ = {
			isa = XCConfigurationList;
			buildConfigurations = (
				1119BA101B4F046E00046ABF /* Debug */,
				1119BA111B4F046E00046ABF /* Release */,
			);
			defaultConfigurationIsVisible = 0;
			defaultConfigurationName = Release;
		};
		1119BA121B4F046E00046ABF /* Build configuration list for PBXNativeTarget "nsappleTests" */ = {
			isa = XCConfigurationList;
			buildConfigurations = (
				1119BA131B4F046E00046ABF /* Debug */,
				1119BA141B4F046E00046ABF /* Release */,
			);
			defaultConfigurationIsVisible = 0;
			defaultConfigurationName = Release;
		};
		1119BA371B4F04FC00046ABF /* Build configuration list for PBXNativeTarget "nsapple WatchKit App" */ = {
			isa = XCConfigurationList;
			buildConfigurations = (
				1119BA381B4F04FC00046ABF /* Debug */,
				1119BA391B4F04FC00046ABF /* Release */,
			);
			defaultConfigurationIsVisible = 0;
			defaultConfigurationName = Release;
		};
		1119BA3A1B4F04FC00046ABF /* Build configuration list for PBXNativeTarget "nsapple WatchKit Extension" */ = {
			isa = XCConfigurationList;
			buildConfigurations = (
				1119BA3B1B4F04FC00046ABF /* Debug */,
				1119BA3C1B4F04FC00046ABF /* Release */,
			);
			defaultConfigurationIsVisible = 0;
			defaultConfigurationName = Release;
		};
/* End XCConfigurationList section */
	};
	rootObject = 1119B9E61B4F046E00046ABF /* Project object */;
}
